
Microsoft Visual Studio Solution File, Format Version 12.00
# Visual Studio Version 17
VisualStudioVersion = 17.14.36811.4 d17.14
MinimumVisualStudioVersion = 10.0.40219.1
Project("{FAE04EC0-301F-11D3-BF4B-00C04F79EFBC}") = "mochifitter-link-manager", "mochifitter-link-manager\mochifitter-link-manager.csproj", "{E45020B4-4CB5-4257-B338-3C88C11DCF40}"
EndProject
Global
	GlobalSection(SolutionConfigurationPlatforms) = preSolution
		Debug|Any CPU = Debug|Any CPU
		Release|Any CPU = Release|Any CPU
	EndGlobalSection
	GlobalSection(ProjectConfigurationPlatforms) = postSolution
		{E45020B4-4CB5-4257-B338-3C88C11DCF40}.Debug|Any CPU.ActiveCfg = Debug|Any CPU
		{E45020B4-4CB5-4257-B338-3C88C11DCF40}.Debug|Any CPU.Build.0 = Debug|Any CPU
		{E45020B4-4CB5-4257-B338-3C88C11DCF40}.Release|Any CPU.ActiveCfg = Release|Any CPU
		{E45020B4-4CB5-4257-B338-3C88C11DCF40}.Release|Any CPU.Build.0 = Release|Any CPU
	EndGlobalSection
	GlobalSection(SolutionProperties) = preSolution
		HideSolutionNode = FALSE
	EndGlobalSection
	GlobalSection(ExtensibilityGlobals) = postSolution
		SolutionGuid = {C4C40733-4270-4B35-9184-BC93617175EC}
	EndGlobalSection
EndGlobal
